{
  "name": "azure",
  "version": "1.0.0",
  "lockfileVersion": 1,
  "requires": true,
  "dependencies": {
    "async": {
      "version": "2.6.1",
      "resolved": "https://registry.npmjs.org/async/-/async-2.6.1.tgz",
      "integrity": "sha512-fNEiL2+AZt6AlAw/29Cr0UDe4sRAHCpEHh54WMz+Bb7QfNcFw4h3loofyJpLeQs4Yx7yuqu/2dLgM5hKOs6HlQ==",
      "requires": {
        "lodash": "^4.17.10"
      }
    },
    "async-limiter": {
      "version": "1.0.0",
      "resolved": "https://registry.npmjs.org/async-limiter/-/async-limiter-1.0.0.tgz",
      "integrity": "sha512-jp/uFnooOiO+L211eZOoSyzpOITMXx1rBITauYykG3BRYPu8h0UcxsPNB04RR5vo4Tyz3+ay17tR6JVf9qzYWg=="
    },
    "azure-iot-amqp-base": {
      "version": "2.1.3",
      "resolved": "https://registry.npmjs.org/azure-iot-amqp-base/-/azure-iot-amqp-base-2.1.3.tgz",
      "integrity": "sha512-5AEYEoTec/d5jNqRo9ykFMi6yZKihDmhMHGvfTBpUb2N91YbX1cTEPzyv8ke1BoC4LuUdNd+ogVmfH2TLnumHA==",
      "requires": {
        "async": "^2.5.0",
        "azure-iot-common": "1.8.3",
        "debug": "^3.0.1",
        "lodash.merge": "^4.6.1",
        "machina": "^4.0.1",
        "rhea": "^0.3.6",
        "uuid": "^3.0.1",
        "ws": "^6.0.0"
      }
    },
    "azure-iot-common": {
      "version": "1.8.3",
      "resolved": "https://registry.npmjs.org/azure-iot-common/-/azure-iot-common-1.8.3.tgz",
      "integrity": "sha512-gSld9wXRgr3ElpKI2FkwL3wY6WR2uU6JXMm0xBSWwvnSXFXE48rb5UIOxMcyrrz1CBDuhlqUVb2vGErMrQAm+A==",
      "requires": {
        "getos": "^3.1.0"
      }
    },
    "azure-iot-http-base": {
      "version": "1.8.3",
      "resolved": "https://registry.npmjs.org/azure-iot-http-base/-/azure-iot-http-base-1.8.3.tgz",
      "integrity": "sha512-IM+0soDD7ll8UEW4YhP+B7fconk3k/5zgoPRL0nOSFOv5IHPmfKji93t52rUUq8Nq+DYoXPqrXdV2K/UH1y84w==",
      "requires": {
        "azure-iot-common": "1.8.3",
        "debug": "^3.1.0",
        "uuid": "^3.2.1"
      }
    },
    "azure-iothub": {
      "version": "1.8.3",
      "resolved": "https://registry.npmjs.org/azure-iothub/-/azure-iothub-1.8.3.tgz",
      "integrity": "sha512-/5Z1fmMKcj3jvsiuD4JW9bZqRSmORyj1n3BONv/mkwqOBkKLenca+L6VsemUD1Zm83cyMr9TqNxJl2IvT/VOKw==",
      "requires": {
        "async": "^2.6.1",
        "azure-iot-amqp-base": "2.1.3",
        "azure-iot-common": "1.8.3",
        "azure-iot-http-base": "1.8.3",
        "debug": "^3.1.0",
        "lodash": "^4.17.10",
        "machina": "^4.0.1",
        "rhea": "^0.3.6"
      }
    },
    "debug": {
      "version": "3.2.6",
      "resolved": "https://registry.npmjs.org/debug/-/debug-3.2.6.tgz",
      "integrity": "sha512-mel+jf7nrtEl5Pn1Qx46zARXKDpBbvzezse7p7LqINmdoIk8PYP5SySaxEmYv6TZ0JyEKA1hsCId6DIhgITtWQ==",
      "requires": {
        "ms": "^2.1.1"
      }
    },
    "getos": {
      "version": "3.1.1",
      "resolved": "https://registry.npmjs.org/getos/-/getos-3.1.1.tgz",
      "integrity": "sha512-oUP1rnEhAr97rkitiszGP9EgDVYnmchgFzfqRzSkgtfv7ai6tEi7Ko8GgjNXts7VLWEqrTWyhsOKLe5C5b/Zkg==",
      "requires": {
        "async": "2.6.1"
      }
    },
    "lodash": {
      "version": "4.17.11",
      "resolved": "https://registry.npmjs.org/lodash/-/lodash-4.17.11.tgz",
      "integrity": "sha512-cQKh8igo5QUhZ7lg38DYWAxMvjSAKG0A8wGSVimP07SIUEK2UO+arSRKbRZWtelMtN5V0Hkwh5ryOto/SshYIg=="
    },
    "lodash.merge": {
      "version": "4.6.1",
      "resolved": "https://registry.npmjs.org/lodash.merge/-/lodash.merge-4.6.1.tgz",
      "integrity": "sha512-AOYza4+Hf5z1/0Hztxpm2/xiPZgi/cjMqdnKTUWTBSKchJlxXXuUSxCCl8rJlf4g6yww/j6mA8nC8Hw/EZWxKQ=="
    },
    "machina": {
      "version": "4.0.2",
      "resolved": "https://registry.npmjs.org/machina/-/machina-4.0.2.tgz",
      "integrity": "sha512-OOlFrW1rd783S6tF36v5Ie/TM64gfvSl9kYLWL2cPA31J71HHWW3XrgSe1BZSFAPkh8532CMJMLv/s9L2aopiA==",
      "requires": {
        "lodash": "^4.17.5"
      }
    },
    "ms": {
      "version": "2.1.1",
      "resolved": "https://registry.npmjs.org/ms/-/ms-2.1.1.tgz",
      "integrity": "sha512-tgp+dl5cGk28utYktBsrFqA7HKgrhgPsg6Z/EfhWI4gl1Hwq8B/GmY/0oXZ6nF8hDVesS/FpnYaD/kOWhYQvyg=="
    },
    "rhea": {
      "version": "0.3.6",
      "resolved": "https://registry.npmjs.org/rhea/-/rhea-0.3.6.tgz",
      "integrity": "sha512-luwu1Bzo/oa0L7Uq6Jx2RKjVtJ0w7sjA+Tcvur/VITCpUN9eXF6++fBbE9Y1sz3RI9f1H53/HePEF3ENtcdmdQ==",
      "requires": {
        "debug": "0.8.0 - 3.5.0"
      }
    },
    "uuid": {
      "version": "3.3.2",
      "resolved": "https://registry.npmjs.org/uuid/-/uuid-3.3.2.tgz",
      "integrity": "sha512-yXJmeNaw3DnnKAOKJE51sL/ZaYfWJRl1pK9dr19YFCu0ObS231AB1/LbqTKRAQ5kw8A90rA6fr4riOUpTZvQZA=="
    },
    "ws": {
      "version": "6.1.2",
      "resolved": "https://registry.npmjs.org/ws/-/ws-6.1.2.tgz",
      "integrity": "sha512-rfUqzvz0WxmSXtJpPMX2EeASXabOrSMk1ruMOV3JBTBjo4ac2lDjGGsbQSyxj8Odhw5fBib8ZKEjDNvgouNKYw==",
      "requires": {
        "async-limiter": "~1.0.0"
      }
    }
  }
}
